
Microsoft Visual Studio Solution File, Format Version 12.00
# Visual Studio Version 17
VisualStudioVersion = 17.14.37710.0
MinimumVisualStudioVersion = 10.0.40219.1
Project("{FAE04EC0-301F-11D3-BF4B-00C04F79EFBC}") = "Drones.Domain", "Drones\Drones.Domain\Drones.Domain.csproj", "{89C464BB-4B9F-4810-8F60-78F0EC2FC065}"
EndProject
Project("{FAE04EC0-301F-11D3-BF4B-00C04F79EFBC}") = "Drones.Application", "Drones\Drones.Application\Drones.Application.csproj", "{A098877F-4C82-42A4-8DC4-297C272AE715}"
EndProject
Project("{FAE04EC0-301F-11D3-BF4B-00C04F79EFBC}") = "Drones.Api", "Drones\Drones.Api\Drones.Api.csproj", "{56F629FD-8C48-4FE8-B639-7FB67FA0ED76}"
EndProject
Project("{FAE04EC0-301F-11D3-BF4B-00C04F79EFBC}") = "Drones.Infrastructure", "Drones\Drones.Infrastructure\Drones.Infrastructure.csproj", "{0BC6F8FD-B6BD-432B-8423-8BDB056CBA1F}"
EndProject
Project("{2150E333-8FDC-42A3-9474-1A3956D46DE8}") = "Drones", "Drones", "{02EA681E-C7D8-13C7-8484-4AC65E1B71E8}"
EndProject
Project("{FAE04EC0-301F-11D3-BF4B-00C04F79EFBC}") = "CanDroneX.Host", "CanDroneX.Host\CanDroneX.Host.csproj", "{6FC15CA3-EBA1-4BEB-9294-6A6410A81BC4}"
EndProject
Project("{FAE04EC0-301F-11D3-BF4B-00C04F79EFBC}") = "Drones.Domain.Tests", "Drones\Tests\Drones.Domain.Tests\Drones.Domain.Tests.csproj", "{B049E5A6-9B84-4B6E-8398-6CCE46E4B893}"
EndProject
Project("{FAE04EC0-301F-11D3-BF4B-00C04F79EFBC}") = "Drones.Application.Tests", "Drones\Tests\Drones.Application.Tests\Drones.Application.Tests.csproj", "{0615B748-AA96-4BFF-AC6A-2AE8C6539406}"
EndProject
Project("{2150E333-8FDC-42A3-9474-1A3956D46DE8}") = "Tests", "Tests", "{9A8DEA7C-69DD-4D38-90F0-3D94B51B509C}"
EndProject
Project("{FAE04EC0-301F-11D3-BF4B-00C04F79EFBC}") = "Drones.Contracts", "Drones\Drones.Contracts\Drones.Contracts.csproj", "{A4C048C0-634E-4194-89B4-AFBA3098C3D6}"
EndProject
Project("{E53339B2-1760-4266-BCC7-CA923CBCF16C}") = "docker-compose", "docker-compose.dcproj", "{81DDED9D-158B-E303-5F62-77A2896D2A5A}"
EndProject
Project("{FAE04EC0-301F-11D3-BF4B-00C04F79EFBC}") = "Drones.Api.Tests", "Drones\Tests\Drones.Api.Tests\Drones.Api.Tests.csproj", "{D1816070-E6CE-4BD9-89F4-06D8BE93FA35}"
EndProject
Project("{2150E333-8FDC-42A3-9474-1A3956D46DE8}") = "Catalogue", "Catalogue", "{110B5CC9-CFCD-F9D2-736B-ACB2FCFA8A49}"
EndProject
Project("{FAE04EC0-301F-11D3-BF4B-00C04F79EFBC}") = "Catalogue.Contracts", "Catalogue\Catalogue.Contracts\Catalogue.Contracts.csproj", "{0C5F082F-EB7F-4D86-905A-B1CACF67AF6F}"
EndProject
Project("{FAE04EC0-301F-11D3-BF4B-00C04F79EFBC}") = "Catalogue.Domain", "Catalogue\Catalogue.Domain\Catalogue.Domain.csproj", "{719C826D-049C-428F-BF58-E1E00C1F6415}"
EndProject
Project("{FAE04EC0-301F-11D3-BF4B-00C04F79EFBC}") = "Catalogue.Application", "Catalogue\Catalogue.Application\Catalogue.Application.csproj", "{60035692-BE2F-4439-8930-A0D9FDCFCEEE}"
EndProject
Project("{FAE04EC0-301F-11D3-BF4B-00C04F79EFBC}") = "Catalogue.Infrastructure", "Catalogue\Catalogue.Infrastructure\Catalogue.Infrastructure.csproj", "{43B86076-4111-489E-904F-4F9D348CEE0D}"
EndProject
Project("{FAE04EC0-301F-11D3-BF4B-00C04F79EFBC}") = "Catalogue.Domain.Tests", "Catalogue\Tests\Catalogue.Domain.Tests\Catalogue.Domain.Tests.csproj", "{21864670-8829-4ED0-933A-23E47E9535EC}"
EndProject
Project("{FAE04EC0-301F-11D3-BF4B-00C04F79EFBC}") = "Catalogue.Application.Tests", "Catalogue\Tests\Catalogue.Application.Tests\Catalogue.Application.Tests.csproj", "{8C10AE05-7844-49BE-8BF6-34197E84D381}"
EndProject
Project("{2150E333-8FDC-42A3-9474-1A3956D46DE8}") = "Tests", "Tests", "{837FB3B5-DB63-41E2-BF2E-D35F77A28972}"
EndProject
Project("{2150E333-8FDC-42A3-9474-1A3956D46DE8}") = "Commandes", "Commandes", "{2AB59621-323E-0149-B69E-D996C0020B82}"
EndProject
Project("{FAE04EC0-301F-11D3-BF4B-00C04F79EFBC}") = "Commandes.Contracts", "Commandes\Commandes.Contracts\Commandes.Contracts.csproj", "{AEB3E820-3745-4AC3-9F48-96EB22145CA0}"
EndProject
Project("{FAE04EC0-301F-11D3-BF4B-00C04F79EFBC}") = "Commandes.Domain", "Commandes\Commandes.Domain\Commandes.Domain.csproj", "{2EB0EDAD-35FC-4919-ABCA-8C84B747628E}"
EndProject
Project("{FAE04EC0-301F-11D3-BF4B-00C04F79EFBC}") = "Commandes.Application", "Commandes\Commandes.Application\Commandes.Application.csproj", "{B672D67A-3326-4FB2-84E5-1F499AE9780E}"
EndProject
Project("{FAE04EC0-301F-11D3-BF4B-00C04F79EFBC}") = "Commandes.Infrastructure", "Commandes\Commandes.Infrastructure\Commandes.Infrastructure.csproj", "{BE4D0E19-46EC-42CD-B045-8B6A88E10127}"
EndProject
Project("{FAE04EC0-301F-11D3-BF4B-00C04F79EFBC}") = "Commandes.Api", "Commandes\Commandes.Api\Commandes.Api.csproj", "{4EF14D1D-08DA-4C65-86F6-9795CE1BD8F7}"
EndProject
Project("{FAE04EC0-301F-11D3-BF4B-00C04F79EFBC}") = "Commandes.Domain.Tests", "Commandes\Tests\Commandes.Domain.Tests\Commandes.Domain.Tests.csproj", "{74F06B46-9728-40FD-871C-66F43348B53D}"
EndProject
Project("{FAE04EC0-301F-11D3-BF4B-00C04F79EFBC}") = "Commandes.Application.Tests", "Commandes\Tests\Commandes.Application.Tests\Commandes.Application.Tests.csproj", "{2D666C7C-932F-4381-9B1C-4753D223B824}"
EndProject
Project("{FAE04EC0-301F-11D3-BF4B-00C04F79EFBC}") = "Commandes.Api.Tests", "Commandes\Tests\Commandes.Api.Tests\Commandes.Api.Tests.csproj", "{D73D3C48-8D0F-4198-9983-D6BFD37DF4A9}"
EndProject
Global
	GlobalSection(SolutionConfigurationPlatforms) = preSolution
		Debug|Any CPU = Debug|Any CPU
		Debug|x64 = Debug|x64
		Debug|x86 = Debug|x86
		Release|Any CPU = Release|Any CPU
		Release|x64 = Release|x64
		Release|x86 = Release|x86
	EndGlobalSection
	GlobalSection(ProjectConfigurationPlatforms) = postSolution
		{89C464BB-4B9F-4810-8F60-78F0EC2FC065}.Debug|Any CPU.ActiveCfg = Debug|Any CPU
		{89C464BB-4B9F-4810-8F60-78F0EC2FC065}.Debug|Any CPU.Build.0 = Debug|Any CPU
		{89C464BB-4B9F-4810-8F60-78F0EC2FC065}.Debug|x64.ActiveCfg = Debug|Any CPU
		{89C464BB-4B9F-4810-8F60-78F0EC2FC065}.Debug|x64.Build.0 = Debug|Any CPU
		{89C464BB-4B9F-4810-8F60-78F0EC2FC065}.Debug|x86.ActiveCfg = Debug|Any CPU
		{89C464BB-4B9F-4810-8F60-78F0EC2FC065}.Debug|x86.Build.0 = Debug|Any CPU
		{89C464BB-4B9F-4810-8F60-78F0EC2FC065}.Release|Any CPU.ActiveCfg = Release|Any CPU
		{89C464BB-4B9F-4810-8F60-78F0EC2FC065}.Release|Any CPU.Build.0 = Release|Any CPU
		{89C464BB-4B9F-4810-8F60-78F0EC2FC065}.Release|x64.ActiveCfg = Release|Any CPU
		{89C464BB-4B9F-4810-8F60-78F0EC2FC065}.Release|x64.Build.0 = Release|Any CPU
		{89C464BB-4B9F-4810-8F60-78F0EC2FC065}.Release|x86.ActiveCfg = Release|Any CPU
		{89C464BB-4B9F-4810-8F60-78F0EC2FC065}.Release|x86.Build.0 = Release|Any CPU
		{A098877F-4C82-42A4-8DC4-297C272AE715}.Debug|Any CPU.ActiveCfg = Debug|Any CPU
		{A098877F-4C82-42A4-8DC4-297C272AE715}.Debug|Any CPU.Build.0 = Debug|Any CPU
		{A098877F-4C82-42A4-8DC4-297C272AE715}.Debug|x64.ActiveCfg = Debug|Any CPU
		{A098877F-4C82-42A4-8DC4-297C272AE715}.Debug|x64.Build.0 = Debug|Any CPU
		{A098877F-4C82-42A4-8DC4-297C272AE715}.Debug|x86.ActiveCfg = Debug|Any CPU
		{A098877F-4C82-42A4-8DC4-297C272AE715}.Debug|x86.Build.0 = Debug|Any CPU
		{A098877F-4C82-42A4-8DC4-297C272AE715}.Release|Any CPU.ActiveCfg = Release|Any CPU
		{A098877F-4C82-42A4-8DC4-297C272AE715}.Release|Any CPU.Build.0 = Release|Any CPU
		{A098877F-4C82-42A4-8DC4-297C272AE715}.Release|x64.ActiveCfg = Release|Any CPU
		{A098877F-4C82-42A4-8DC4-297C272AE715}.Release|x64.Build.0 = Release|Any CPU
		{A098877F-4C82-42A4-8DC4-297C272AE715}.Release|x86.ActiveCfg = Release|Any CPU
		{A098877F-4C82-42A4-8DC4-297C272AE715}.Release|x86.Build.0 = Release|Any CPU
		{56F629FD-8C48-4FE8-B639-7FB67FA0ED76}.Debug|Any CPU.ActiveCfg = Debug|Any CPU
		{56F629FD-8C48-4FE8-B639-7FB67FA0ED76}.Debug|Any CPU.Build.0 = Debug|Any CPU
		{56F629FD-8C48-4FE8-B639-7FB67FA0ED76}.Debug|x64.ActiveCfg = Debug|Any CPU
		{56F629FD-8C48-4FE8-B639-7FB67FA0ED76}.Debug|x64.Build.0 = Debug|Any CPU
		{56F629FD-8C48-4FE8-B639-7FB67FA0ED76}.Debug|x86.ActiveCfg = Debug|Any CPU
		{56F629FD-8C48-4FE8-B639-7FB67FA0ED76}.Debug|x86.Build.0 = Debug|Any CPU
		{56F629FD-8C48-4FE8-B639-7FB67FA0ED76}.Release|Any CPU.ActiveCfg = Release|Any CPU
		{56F629FD-8C48-4FE8-B639-7FB67FA0ED76}.Release|Any CPU.Build.0 = Release|Any CPU
		{56F629FD-8C48-4FE8-B639-7FB67FA0ED76}.Release|x64.ActiveCfg = Release|Any CPU
		{56F629FD-8C48-4FE8-B639-7FB67FA0ED76}.Release|x64.Build.0 = Release|Any CPU
		{56F629FD-8C48-4FE8-B639-7FB67FA0ED76}.Release|x86.ActiveCfg = Release|Any CPU
		{56F629FD-8C48-4FE8-B639-7FB67FA0ED76}.Release|x86.Build.0 = Release|Any CPU
		{0BC6F8FD-B6BD-432B-8423-8BDB056CBA1F}.Debug|Any CPU.ActiveCfg = Debug|Any CPU
		{0BC6F8FD-B6BD-432B-8423-8BDB056CBA1F}.Debug|Any CPU.Build.0 = Debug|Any CPU
		{0BC6F8FD-B6BD-432B-8423-8BDB056CBA1F}.Debug|x64.ActiveCfg = Debug|Any CPU
		{0BC6F8FD-B6BD-432B-8423-8BDB056CBA1F}.Debug|x64.Build.0 = Debug|Any CPU
		{0BC6F8FD-B6BD-432B-8423-8BDB056CBA1F}.Debug|x86.ActiveCfg = Debug|Any CPU
		{0BC6F8FD-B6BD-432B-8423-8BDB056CBA1F}.Debug|x86.Build.0 = Debug|Any CPU
		{0BC6F8FD-B6BD-432B-8423-8BDB056CBA1F}.Release|Any CPU.ActiveCfg = Release|Any CPU
		{0BC6F8FD-B6BD-432B-8423-8BDB056CBA1F}.Release|Any CPU.Build.0 = Release|Any CPU
		{0BC6F8FD-B6BD-432B-8423-8BDB056CBA1F}.Release|x64.ActiveCfg = Release|Any CPU
		{0BC6F8FD-B6BD-432B-8423-8BDB056CBA1F}.Release|x64.Build.0 = Release|Any CPU
		{0BC6F8FD-B6BD-432B-8423-8BDB056CBA1F}.Release|x86.ActiveCfg = Release|Any CPU
		{0BC6F8FD-B6BD-432B-8423-8BDB056CBA1F}.Release|x86.Build.0 = Release|Any CPU
		{6FC15CA3-EBA1-4BEB-9294-6A6410A81BC4}.Debug|Any CPU.ActiveCfg = Debug|Any CPU
		{6FC15CA3-EBA1-4BEB-9294-6A6410A81BC4}.Debug|Any CPU.Build.0 = Debug|Any CPU
		{6FC15CA3-EBA1-4BEB-9294-6A6410A81BC4}.Debug|x64.ActiveCfg = Debug|Any CPU
		{6FC15CA3-EBA1-4BEB-9294-6A6410A81BC4}.Debug|x64.Build.0 = Debug|Any CPU
		{6FC15CA3-EBA1-4BEB-9294-6A6410A81BC4}.Debug|x86.ActiveCfg = Debug|Any CPU
		{6FC15CA3-EBA1-4BEB-9294-6A6410A81BC4}.Debug|x86.Build.0 = Debug|Any CPU
		{6FC15CA3-EBA1-4BEB-9294-6A6410A81BC4}.Release|Any CPU.ActiveCfg = Release|Any CPU
		{6FC15CA3-EBA1-4BEB-9294-6A6410A81BC4}.Release|Any CPU.Build.0 = Release|Any CPU
		{6FC15CA3-EBA1-4BEB-9294-6A6410A81BC4}.Release|x64.ActiveCfg = Release|Any CPU
		{6FC15CA3-EBA1-4BEB-9294-6A6410A81BC4}.Release|x64.Build.0 = Release|Any CPU
		{6FC15CA3-EBA1-4BEB-9294-6A6410A81BC4}.Release|x86.ActiveCfg = Release|Any CPU
		{6FC15CA3-EBA1-4BEB-9294-6A6410A81BC4}.Release|x86.Build.0 = Release|Any CPU
		{B049E5A6-9B84-4B6E-8398-6CCE46E4B893}.Debug|Any CPU.ActiveCfg = Debug|Any CPU
		{B049E5A6-9B84-4B6E-8398-6CCE46E4B893}.Debug|Any CPU.Build.0 = Debug|Any CPU
		{B049E5A6-9B84-4B6E-8398-6CCE46E4B893}.Debug|x64.ActiveCfg = Debug|Any CPU
		{B049E5A6-9B84-4B6E-8398-6CCE46E4B893}.Debug|x64.Build.0 = Debug|Any CPU
		{B049E5A6-9B84-4B6E-8398-6CCE46E4B893}.Debug|x86.ActiveCfg = Debug|Any CPU
		{B049E5A6-9B84-4B6E-8398-6CCE46E4B893}.Debug|x86.Build.0 = Debug|Any CPU
		{B049E5A6-9B84-4B6E-8398-6CCE46E4B893}.Release|Any CPU.ActiveCfg = Release|Any CPU
		{B049E5A6-9B84-4B6E-8398-6CCE46E4B893}.Release|Any CPU.Build.0 = Release|Any CPU
		{B049E5A6-9B84-4B6E-8398-6CCE46E4B893}.Release|x64.ActiveCfg = Release|Any CPU
		{B049E5A6-9B84-4B6E-8398-6CCE46E4B893}.Release|x64.Build.0 = Release|Any CPU
		{B049E5A6-9B84-4B6E-8398-6CCE46E4B893}.Release|x86.ActiveCfg = Release|Any CPU
		{B049E5A6-9B84-4B6E-8398-6CCE46E4B893}.Release|x86.Build.0 = Release|Any CPU
		{0615B748-AA96-4BFF-AC6A-2AE8C6539406}.Debug|Any CPU.ActiveCfg = Debug|Any CPU
		{0615B748-AA96-4BFF-AC6A-2AE8C6539406}.Debug|Any CPU.Build.0 = Debug|Any CPU
		{0615B748-AA96-4BFF-AC6A-2AE8C6539406}.Debug|x64.ActiveCfg = Debug|Any CPU
		{0615B748-AA96-4BFF-AC6A-2AE8C6539406}.Debug|x64.Build.0 = Debug|Any CPU
		{0615B748-AA96-4BFF-AC6A-2AE8C6539406}.Debug|x86.ActiveCfg = Debug|Any CPU
		{0615B748-AA96-4BFF-AC6A-2AE8C6539406}.Debug|x86.Build.0 = Debug|Any CPU
		{0615B748-AA96-4BFF-AC6A-2AE8C6539406}.Release|Any CPU.ActiveCfg = Release|Any CPU
		{0615B748-AA96-4BFF-AC6A-2AE8C6539406}.Release|Any CPU.Build.0 = Release|Any CPU
		{0615B748-AA96-4BFF-AC6A-2AE8C6539406}.Release|x64.ActiveCfg = Release|Any CPU
		{0615B748-AA96-4BFF-AC6A-2AE8C6539406}.Release|x64.Build.0 = Release|Any CPU
		{0615B748-AA96-4BFF-AC6A-2AE8C6539406}.Release|x86.ActiveCfg = Release|Any CPU
		{0615B748-AA96-4BFF-AC6A-2AE8C6539406}.Release|x86.Build.0 = Release|Any CPU
		{A4C048C0-634E-4194-89B4-AFBA3098C3D6}.Debug|Any CPU.ActiveCfg = Debug|Any CPU
		{A4C048C0-634E-4194-89B4-AFBA3098C3D6}.Debug|Any CPU.Build.0 = Debug|Any CPU
		{A4C048C0-634E-4194-89B4-AFBA3098C3D6}.Debug|x64.ActiveCfg = Debug|Any CPU
		{A4C048C0-634E-4194-89B4-AFBA3098C3D6}.Debug|x64.Build.0 = Debug|Any CPU
		{A4C048C0-634E-4194-89B4-AFBA3098C3D6}.Debug|x86.ActiveCfg = Debug|Any CPU
		{A4C048C0-634E-4194-89B4-AFBA3098C3D6}.Debug|x86.Build.0 = Debug|Any CPU
		{A4C048C0-634E-4194-89B4-AFBA3098C3D6}.Release|Any CPU.ActiveCfg = Release|Any CPU
		{A4C048C0-634E-4194-89B4-AFBA3098C3D6}.Release|Any CPU.Build.0 = Release|Any CPU
		{A4C048C0-634E-4194-89B4-AFBA3098C3D6}.Release|x64.ActiveCfg = Release|Any CPU
		{A4C048C0-634E-4194-89B4-AFBA3098C3D6}.Release|x64.Build.0 = Release|Any CPU
		{A4C048C0-634E-4194-89B4-AFBA3098C3D6}.Release|x86.ActiveCfg = Release|Any CPU
		{A4C048C0-634E-4194-89B4-AFBA3098C3D6}.Release|x86.Build.0 = Release|Any CPU
		{81DDED9D-158B-E303-5F62-77A2896D2A5A}.Debug|Any CPU.ActiveCfg = Debug|Any CPU
		{81DDED9D-158B-E303-5F62-77A2896D2A5A}.Debug|Any CPU.Build.0 = Debug|Any CPU
		{81DDED9D-158B-E303-5F62-77A2896D2A5A}.Debug|x64.ActiveCfg = Debug|x64
		{81DDED9D-158B-E303-5F62-77A2896D2A5A}.Debug|x86.ActiveCfg = Debug|x86
		{81DDED9D-158B-E303-5F62-77A2896D2A5A}.Release|Any CPU.ActiveCfg = Release|Any CPU
		{81DDED9D-158B-E303-5F62-77A2896D2A5A}.Release|Any CPU.Build.0 = Release|Any CPU
		{81DDED9D-158B-E303-5F62-77A2896D2A5A}.Release|x64.ActiveCfg = Release|x64
		{81DDED9D-158B-E303-5F62-77A2896D2A5A}.Release|x86.ActiveCfg = Release|x86
		{D1816070-E6CE-4BD9-89F4-06D8BE93FA35}.Debug|Any CPU.ActiveCfg = Debug|Any CPU
		{D1816070-E6CE-4BD9-89F4-06D8BE93FA35}.Debug|Any CPU.Build.0 = Debug|Any CPU
		{D1816070-E6CE-4BD9-89F4-06D8BE93FA35}.Debug|x64.ActiveCfg = Debug|Any CPU
		{D1816070-E6CE-4BD9-89F4-06D8BE93FA35}.Debug|x64.Build.0 = Debug|Any CPU
		{D1816070-E6CE-4BD9-89F4-06D8BE93FA35}.Debug|x86.ActiveCfg = Debug|Any CPU
		{D1816070-E6CE-4BD9-89F4-06D8BE93FA35}.Debug|x86.Build.0 = Debug|Any CPU
		{D1816070-E6CE-4BD9-89F4-06D8BE93FA35}.Release|Any CPU.ActiveCfg = Release|Any CPU
		{D1816070-E6CE-4BD9-89F4-06D8BE93FA35}.Release|Any CPU.Build.0 = Release|Any CPU
		{D1816070-E6CE-4BD9-89F4-06D8BE93FA35}.Release|x64.ActiveCfg = Release|Any CPU
		{D1816070-E6CE-4BD9-89F4-06D8BE93FA35}.Release|x64.Build.0 = Release|Any CPU
		{D1816070-E6CE-4BD9-89F4-06D8BE93FA35}.Release|x86.ActiveCfg = Release|Any CPU
		{D1816070-E6CE-4BD9-89F4-06D8BE93FA35}.Release|x86.Build.0 = Release|Any CPU
		{0C5F082F-EB7F-4D86-905A-B1CACF67AF6F}.Debug|Any CPU.ActiveCfg = Debug|Any CPU
		{0C5F082F-EB7F-4D86-905A-B1CACF67AF6F}.Debug|Any CPU.Build.0 = Debug|Any CPU
		{0C5F082F-EB7F-4D86-905A-B1CACF67AF6F}.Debug|x64.ActiveCfg = Debug|Any CPU
		{0C5F082F-EB7F-4D86-905A-B1CACF67AF6F}.Debug|x64.Build.0 = Debug|Any CPU
		{0C5F082F-EB7F-4D86-905A-B1CACF67AF6F}.Debug|x86.ActiveCfg = Debug|Any CPU
		{0C5F082F-EB7F-4D86-905A-B1CACF67AF6F}.Debug|x86.Build.0 = Debug|Any CPU
		{0C5F082F-EB7F-4D86-905A-B1CACF67AF6F}.Release|Any CPU.ActiveCfg = Release|Any CPU
		{0C5F082F-EB7F-4D86-905A-B1CACF67AF6F}.Release|Any CPU.Build.0 = Release|Any CPU
		{0C5F082F-EB7F-4D86-905A-B1CACF67AF6F}.Release|x64.ActiveCfg = Release|Any CPU
		{0C5F082F-EB7F-4D86-905A-B1CACF67AF6F}.Release|x64.Build.0 = Release|Any CPU
		{0C5F082F-EB7F-4D86-905A-B1CACF67AF6F}.Release|x86.ActiveCfg = Release|Any CPU
		{0C5F082F-EB7F-4D86-905A-B1CACF67AF6F}.Release|x86.Build.0 = Release|Any CPU
		{719C826D-049C-428F-BF58-E1E00C1F6415}.Debug|Any CPU.ActiveCfg = Debug|Any CPU
		{719C826D-049C-428F-BF58-E1E00C1F6415}.Debug|Any CPU.Build.0 = Debug|Any CPU
		{719C826D-049C-428F-BF58-E1E00C1F6415}.Debug|x64.ActiveCfg = Debug|Any CPU
		{719C826D-049C-428F-BF58-E1E00C1F6415}.Debug|x64.Build.0 = Debug|Any CPU
		{719C826D-049C-428F-BF58-E1E00C1F6415}.Debug|x86.ActiveCfg = Debug|Any CPU
		{719C826D-049C-428F-BF58-E1E00C1F6415}.Debug|x86.Build.0 = Debug|Any CPU
		{719C826D-049C-428F-BF58-E1E00C1F6415}.Release|Any CPU.ActiveCfg = Release|Any CPU
		{719C826D-049C-428F-BF58-E1E00C1F6415}.Release|Any CPU.Build.0 = Release|Any CPU
		{719C826D-049C-428F-BF58-E1E00C1F6415}.Release|x64.ActiveCfg = Release|Any CPU
		{719C826D-049C-428F-BF58-E1E00C1F6415}.Release|x64.Build.0 = Release|Any CPU
		{719C826D-049C-428F-BF58-E1E00C1F6415}.Release|x86.ActiveCfg = Release|Any CPU
		{719C826D-049C-428F-BF58-E1E00C1F6415}.Release|x86.Build.0 = Release|Any CPU
		{60035692-BE2F-4439-8930-A0D9FDCFCEEE}.Debug|Any CPU.ActiveCfg = Debug|Any CPU
		{60035692-BE2F-4439-8930-A0D9FDCFCEEE}.Debug|Any CPU.Build.0 = Debug|Any CPU
		{60035692-BE2F-4439-8930-A0D9FDCFCEEE}.Debug|x64.ActiveCfg = Debug|Any CPU
		{60035692-BE2F-4439-8930-A0D9FDCFCEEE}.Debug|x64.Build.0 = Debug|Any CPU
		{60035692-BE2F-4439-8930-A0D9FDCFCEEE}.Debug|x86.ActiveCfg = Debug|Any CPU
		{60035692-BE2F-4439-8930-A0D9FDCFCEEE}.Debug|x86.Build.0 = Debug|Any CPU
		{60035692-BE2F-4439-8930-A0D9FDCFCEEE}.Release|Any CPU.ActiveCfg = Release|Any CPU
		{60035692-BE2F-4439-8930-A0D9FDCFCEEE}.Release|Any CPU.Build.0 = Release|Any CPU
		{60035692-BE2F-4439-8930-A0D9FDCFCEEE}.Release|x64.ActiveCfg = Release|Any CPU
		{60035692-BE2F-4439-8930-A0D9FDCFCEEE}.Release|x64.Build.0 = Release|Any CPU
		{60035692-BE2F-4439-8930-A0D9FDCFCEEE}.Release|x86.ActiveCfg = Release|Any CPU
		{60035692-BE2F-4439-8930-A0D9FDCFCEEE}.Release|x86.Build.0 = Release|Any CPU
		{43B86076-4111-489E-904F-4F9D348CEE0D}.Debug|Any CPU.ActiveCfg = Debug|Any CPU
		{43B86076-4111-489E-904F-4F9D348CEE0D}.Debug|Any CPU.Build.0 = Debug|Any CPU
		{43B86076-4111-489E-904F-4F9D348CEE0D}.Debug|x64.ActiveCfg = Debug|Any CPU
		{43B86076-4111-489E-904F-4F9D348CEE0D}.Debug|x64.Build.0 = Debug|Any CPU
		{43B86076-4111-489E-904F-4F9D348CEE0D}.Debug|x86.ActiveCfg = Debug|Any CPU
		{43B86076-4111-489E-904F-4F9D348CEE0D}.Debug|x86.Build.0 = Debug|Any CPU
		{43B86076-4111-489E-904F-4F9D348CEE0D}.Release|Any CPU.ActiveCfg = Release|Any CPU
		{43B86076-4111-489E-904F-4F9D348CEE0D}.Release|Any CPU.Build.0 = Release|Any CPU
		{43B86076-4111-489E-904F-4F9D348CEE0D}.Release|x64.ActiveCfg = Release|Any CPU
		{43B86076-4111-489E-904F-4F9D348CEE0D}.Release|x64.Build.0 = Release|Any CPU
		{43B86076-4111-489E-904F-4F9D348CEE0D}.Release|x86.ActiveCfg = Release|Any CPU
		{43B86076-4111-489E-904F-4F9D348CEE0D}.Release|x86.Build.0 = Release|Any CPU
		{21864670-8829-4ED0-933A-23E47E9535EC}.Debug|Any CPU.ActiveCfg = Debug|Any CPU
		{21864670-8829-4ED0-933A-23E47E9535EC}.Debug|Any CPU.Build.0 = Debug|Any CPU
		{21864670-8829-4ED0-933A-23E47E9535EC}.Debug|x64.ActiveCfg = Debug|Any CPU
		{21864670-8829-4ED0-933A-23E47E9535EC}.Debug|x64.Build.0 = Debug|Any CPU
		{21864670-8829-4ED0-933A-23E47E9535EC}.Debug|x86.ActiveCfg = Debug|Any CPU
		{21864670-8829-4ED0-933A-23E47E9535EC}.Debug|x86.Build.0 = Debug|Any CPU
		{21864670-8829-4ED0-933A-23E47E9535EC}.Release|Any CPU.ActiveCfg = Release|Any CPU
		{21864670-8829-4ED0-933A-23E47E9535EC}.Release|Any CPU.Build.0 = Release|Any CPU
		{21864670-8829-4ED0-933A-23E47E9535EC}.Release|x64.ActiveCfg = Release|Any CPU
		{21864670-8829-4ED0-933A-23E47E9535EC}.Release|x64.Build.0 = Release|Any CPU
		{21864670-8829-4ED0-933A-23E47E9535EC}.Release|x86.ActiveCfg = Release|Any CPU
		{21864670-8829-4ED0-933A-23E47E9535EC}.Release|x86.Build.0 = Release|Any CPU
		{8C10AE05-7844-49BE-8BF6-34197E84D381}.Debug|Any CPU.ActiveCfg = Debug|Any CPU
		{8C10AE05-7844-49BE-8BF6-34197E84D381}.Debug|Any CPU.Build.0 = Debug|Any CPU
		{8C10AE05-7844-49BE-8BF6-34197E84D381}.Debug|x64.ActiveCfg = Debug|Any CPU
		{8C10AE05-7844-49BE-8BF6-34197E84D381}.Debug|x64.Build.0 = Debug|Any CPU
		{8C10AE05-7844-49BE-8BF6-34197E84D381}.Debug|x86.ActiveCfg = Debug|Any CPU
		{8C10AE05-7844-49BE-8BF6-34197E84D381}.Debug|x86.Build.0 = Debug|Any CPU
		{8C10AE05-7844-49BE-8BF6-34197E84D381}.Release|Any CPU.ActiveCfg = Release|Any CPU
		{8C10AE05-7844-49BE-8BF6-34197E84D381}.Release|Any CPU.Build.0 = Release|Any CPU
		{8C10AE05-7844-49BE-8BF6-34197E84D381}.Release|x64.ActiveCfg = Release|Any CPU
		{8C10AE05-7844-49BE-8BF6-34197E84D381}.Release|x64.Build.0 = Release|Any CPU
		{8C10AE05-7844-49BE-8BF6-34197E84D381}.Release|x86.ActiveCfg = Release|Any CPU
		{8C10AE05-7844-49BE-8BF6-34197E84D381}.Release|x86.Build.0 = Release|Any CPU
		{AEB3E820-3745-4AC3-9F48-96EB22145CA0}.Debug|Any CPU.ActiveCfg = Debug|Any CPU
		{AEB3E820-3745-4AC3-9F48-96EB22145CA0}.Debug|Any CPU.Build.0 = Debug|Any CPU
		{AEB3E820-3745-4AC3-9F48-96EB22145CA0}.Debug|x64.ActiveCfg = Debug|Any CPU
		{AEB3E820-3745-4AC3-9F48-96EB22145CA0}.Debug|x64.Build.0 = Debug|Any CPU
		{AEB3E820-3745-4AC3-9F48-96EB22145CA0}.Debug|x86.ActiveCfg = Debug|Any CPU
		{AEB3E820-3745-4AC3-9F48-96EB22145CA0}.Debug|x86.Build.0 = Debug|Any CPU
		{AEB3E820-3745-4AC3-9F48-96EB22145CA0}.Release|Any CPU.ActiveCfg = Release|Any CPU
		{AEB3E820-3745-4AC3-9F48-96EB22145CA0}.Release|Any CPU.Build.0 = Release|Any CPU
		{AEB3E820-3745-4AC3-9F48-96EB22145CA0}.Release|x64.ActiveCfg = Release|Any CPU
		{AEB3E820-3745-4AC3-9F48-96EB22145CA0}.Release|x64.Build.0 = Release|Any CPU
		{AEB3E820-3745-4AC3-9F48-96EB22145CA0}.Release|x86.ActiveCfg = Release|Any CPU
		{AEB3E820-3745-4AC3-9F48-96EB22145CA0}.Release|x86.Build.0 = Release|Any CPU
		{2EB0EDAD-35FC-4919-ABCA-8C84B747628E}.Debug|Any CPU.ActiveCfg = Debug|Any CPU
		{2EB0EDAD-35FC-4919-ABCA-8C84B747628E}.Debug|Any CPU.Build.0 = Debug|Any CPU
		{2EB0EDAD-35FC-4919-ABCA-8C84B747628E}.Debug|x64.ActiveCfg = Debug|Any CPU
		{2EB0EDAD-35FC-4919-ABCA-8C84B747628E}.Debug|x64.Build.0 = Debug|Any CPU
		{2EB0EDAD-35FC-4919-ABCA-8C84B747628E}.Debug|x86.ActiveCfg = Debug|Any CPU
		{2EB0EDAD-35FC-4919-ABCA-8C84B747628E}.Debug|x86.Build.0 = Debug|Any CPU
		{2EB0EDAD-35FC-4919-ABCA-8C84B747628E}.Release|Any CPU.ActiveCfg = Release|Any CPU
		{2EB0EDAD-35FC-4919-ABCA-8C84B747628E}.Release|Any CPU.Build.0 = Release|Any CPU
		{2EB0EDAD-35FC-4919-ABCA-8C84B747628E}.Release|x64.ActiveCfg = Release|Any CPU
		{2EB0EDAD-35FC-4919-ABCA-8C84B747628E}.Release|x64.Build.0 = Release|Any CPU
		{2EB0EDAD-35FC-4919-ABCA-8C84B747628E}.Release|x86.ActiveCfg = Release|Any CPU
		{2EB0EDAD-35FC-4919-ABCA-8C84B747628E}.Release|x86.Build.0 = Release|Any CPU
		{B672D67A-3326-4FB2-84E5-1F499AE9780E}.Debug|Any CPU.ActiveCfg = Debug|Any CPU
		{B672D67A-3326-4FB2-84E5-1F499AE9780E}.Debug|Any CPU.Build.0 = Debug|Any CPU
		{B672D67A-3326-4FB2-84E5-1F499AE9780E}.Debug|x64.ActiveCfg = Debug|Any CPU
		{B672D67A-3326-4FB2-84E5-1F499AE9780E}.Debug|x64.Build.0 = Debug|Any CPU
		{B672D67A-3326-4FB2-84E5-1F499AE9780E}.Debug|x86.ActiveCfg = Debug|Any CPU
		{B672D67A-3326-4FB2-84E5-1F499AE9780E}.Debug|x86.Build.0 = Debug|Any CPU
		{B672D67A-3326-4FB2-84E5-1F499AE9780E}.Release|Any CPU.ActiveCfg = Release|Any CPU
		{B672D67A-3326-4FB2-84E5-1F499AE9780E}.Release|Any CPU.Build.0 = Release|Any CPU
		{B672D67A-3326-4FB2-84E5-1F499AE9780E}.Release|x64.ActiveCfg = Release|Any CPU
		{B672D67A-3326-4FB2-84E5-1F499AE9780E}.Release|x64.Build.0 = Release|Any CPU
		{B672D67A-3326-4FB2-84E5-1F499AE9780E}.Release|x86.ActiveCfg = Release|Any CPU
		{B672D67A-3326-4FB2-84E5-1F499AE9780E}.Release|x86.Build.0 = Release|Any CPU
		{BE4D0E19-46EC-42CD-B045-8B6A88E10127}.Debug|Any CPU.ActiveCfg = Debug|Any CPU
		{BE4D0E19-46EC-42CD-B045-8B6A88E10127}.Debug|Any CPU.Build.0 = Debug|Any CPU
		{BE4D0E19-46EC-42CD-B045-8B6A88E10127}.Debug|x64.ActiveCfg = Debug|Any CPU
		{BE4D0E19-46EC-42CD-B045-8B6A88E10127}.Debug|x64.Build.0 = Debug|Any CPU
		{BE4D0E19-46EC-42CD-B045-8B6A88E10127}.Debug|x86.ActiveCfg = Debug|Any CPU
		{BE4D0E19-46EC-42CD-B045-8B6A88E10127}.Debug|x86.Build.0 = Debug|Any CPU
		{BE4D0E19-46EC-42CD-B045-8B6A88E10127}.Release|Any CPU.ActiveCfg = Release|Any CPU
		{BE4D0E19-46EC-42CD-B045-8B6A88E10127}.Release|Any CPU.Build.0 = Release|Any CPU
		{BE4D0E19-46EC-42CD-B045-8B6A88E10127}.Release|x64.ActiveCfg = Release|Any CPU
		{BE4D0E19-46EC-42CD-B045-8B6A88E10127}.Release|x64.Build.0 = Release|Any CPU
		{BE4D0E19-46EC-42CD-B045-8B6A88E10127}.Release|x86.ActiveCfg = Release|Any CPU
		{BE4D0E19-46EC-42CD-B045-8B6A88E10127}.Release|x86.Build.0 = Release|Any CPU
		{4EF14D1D-08DA-4C65-86F6-9795CE1BD8F7}.Debug|Any CPU.ActiveCfg = Debug|Any CPU
		{4EF14D1D-08DA-4C65-86F6-9795CE1BD8F7}.Debug|Any CPU.Build.0 = Debug|Any CPU
		{4EF14D1D-08DA-4C65-86F6-9795CE1BD8F7}.Debug|x64.ActiveCfg = Debug|Any CPU
		{4EF14D1D-08DA-4C65-86F6-9795CE1BD8F7}.Debug|x64.Build.0 = Debug|Any CPU
		{4EF14D1D-08DA-4C65-86F6-9795CE1BD8F7}.Debug|x86.ActiveCfg = Debug|Any CPU
		{4EF14D1D-08DA-4C65-86F6-9795CE1BD8F7}.Debug|x86.Build.0 = Debug|Any CPU
		{4EF14D1D-08DA-4C65-86F6-9795CE1BD8F7}.Release|Any CPU.ActiveCfg = Release|Any CPU
		{4EF14D1D-08DA-4C65-86F6-9795CE1BD8F7}.Release|Any CPU.Build.0 = Release|Any CPU
		{4EF14D1D-08DA-4C65-86F6-9795CE1BD8F7}.Release|x64.ActiveCfg = Release|Any CPU
		{4EF14D1D-08DA-4C65-86F6-9795CE1BD8F7}.Release|x64.Build.0 = Release|Any CPU
		{4EF14D1D-08DA-4C65-86F6-9795CE1BD8F7}.Release|x86.ActiveCfg = Release|Any CPU
		{4EF14D1D-08DA-4C65-86F6-9795CE1BD8F7}.Release|x86.Build.0 = Release|Any CPU
		{74F06B46-9728-40FD-871C-66F43348B53D}.Debug|Any CPU.ActiveCfg = Debug|Any CPU
		{74F06B46-9728-40FD-871C-66F43348B53D}.Debug|Any CPU.Build.0 = Debug|Any CPU
		{74F06B46-9728-40FD-871C-66F43348B53D}.Debug|x64.ActiveCfg = Debug|Any CPU
		{74F06B46-9728-40FD-871C-66F43348B53D}.Debug|x64.Build.0 = Debug|Any CPU
		{74F06B46-9728-40FD-871C-66F43348B53D}.Debug|x86.ActiveCfg = Debug|Any CPU
		{74F06B46-9728-40FD-871C-66F43348B53D}.Debug|x86.Build.0 = Debug|Any CPU
		{74F06B46-9728-40FD-871C-66F43348B53D}.Release|Any CPU.ActiveCfg = Release|Any CPU
		{74F06B46-9728-40FD-871C-66F43348B53D}.Release|Any CPU.Build.0 = Release|Any CPU
		{74F06B46-9728-40FD-871C-66F43348B53D}.Release|x64.ActiveCfg = Release|Any CPU
		{74F06B46-9728-40FD-871C-66F43348B53D}.Release|x64.Build.0 = Release|Any CPU
		{74F06B46-9728-40FD-871C-66F43348B53D}.Release|x86.ActiveCfg = Release|Any CPU
		{74F06B46-9728-40FD-871C-66F43348B53D}.Release|x86.Build.0 = Release|Any CPU
		{2D666C7C-932F-4381-9B1C-4753D223B824}.Debug|Any CPU.ActiveCfg = Debug|Any CPU
		{2D666C7C-932F-4381-9B1C-4753D223B824}.Debug|Any CPU.Build.0 = Debug|Any CPU
		{2D666C7C-932F-4381-9B1C-4753D223B824}.Debug|x64.ActiveCfg = Debug|Any CPU
		{2D666C7C-932F-4381-9B1C-4753D223B824}.Debug|x64.Build.0 = Debug|Any CPU
		{2D666C7C-932F-4381-9B1C-4753D223B824}.Debug|x86.ActiveCfg = Debug|Any CPU
		{2D666C7C-932F-4381-9B1C-4753D223B824}.Debug|x86.Build.0 = Debug|Any CPU
		{2D666C7C-932F-4381-9B1C-4753D223B824}.Release|Any CPU.ActiveCfg = Release|Any CPU
		{2D666C7C-932F-4381-9B1C-4753D223B824}.Release|Any CPU.Build.0 = Release|Any CPU
		{2D666C7C-932F-4381-9B1C-4753D223B824}.Release|x64.ActiveCfg = Release|Any CPU
		{2D666C7C-932F-4381-9B1C-4753D223B824}.Release|x64.Build.0 = Release|Any CPU
		{2D666C7C-932F-4381-9B1C-4753D223B824}.Release|x86.ActiveCfg = Release|Any CPU
		{2D666C7C-932F-4381-9B1C-4753D223B824}.Release|x86.Build.0 = Release|Any CPU
		{D73D3C48-8D0F-4198-9983-D6BFD37DF4A9}.Debug|Any CPU.ActiveCfg = Debug|Any CPU
		{D73D3C48-8D0F-4198-9983-D6BFD37DF4A9}.Debug|Any CPU.Build.0 = Debug|Any CPU
		{D73D3C48-8D0F-4198-9983-D6BFD37DF4A9}.Debug|x64.ActiveCfg = Debug|Any CPU
		{D73D3C48-8D0F-4198-9983-D6BFD37DF4A9}.Debug|x64.Build.0 = Debug|Any CPU
		{D73D3C48-8D0F-4198-9983-D6BFD37DF4A9}.Debug|x86.ActiveCfg = Debug|Any CPU
		{D73D3C48-8D0F-4198-9983-D6BFD37DF4A9}.Debug|x86.Build.0 = Debug|Any CPU
		{D73D3C48-8D0F-4198-9983-D6BFD37DF4A9}.Release|Any CPU.ActiveCfg = Release|Any CPU
		{D73D3C48-8D0F-4198-9983-D6BFD37DF4A9}.Release|Any CPU.Build.0 = Release|Any CPU
		{D73D3C48-8D0F-4198-9983-D6BFD37DF4A9}.Release|x64.ActiveCfg = Release|Any CPU
		{D73D3C48-8D0F-4198-9983-D6BFD37DF4A9}.Release|x64.Build.0 = Release|Any CPU
		{D73D3C48-8D0F-4198-9983-D6BFD37DF4A9}.Release|x86.ActiveCfg = Release|Any CPU
		{D73D3C48-8D0F-4198-9983-D6BFD37DF4A9}.Release|x86.Build.0 = Release|Any CPU
	EndGlobalSection
	GlobalSection(SolutionProperties) = preSolution
		HideSolutionNode = FALSE
	EndGlobalSection
	GlobalSection(NestedProjects) = preSolution
		{89C464BB-4B9F-4810-8F60-78F0EC2FC065} = {02EA681E-C7D8-13C7-8484-4AC65E1B71E8}
		{A098877F-4C82-42A4-8DC4-297C272AE715} = {02EA681E-C7D8-13C7-8484-4AC65E1B71E8}
		{56F629FD-8C48-4FE8-B639-7FB67FA0ED76} = {02EA681E-C7D8-13C7-8484-4AC65E1B71E8}
		{0BC6F8FD-B6BD-432B-8423-8BDB056CBA1F} = {02EA681E-C7D8-13C7-8484-4AC65E1B71E8}
		{B049E5A6-9B84-4B6E-8398-6CCE46E4B893} = {9A8DEA7C-69DD-4D38-90F0-3D94B51B509C}
		{0615B748-AA96-4BFF-AC6A-2AE8C6539406} = {9A8DEA7C-69DD-4D38-90F0-3D94B51B509C}
		{9A8DEA7C-69DD-4D38-90F0-3D94B51B509C} = {02EA681E-C7D8-13C7-8484-4AC65E1B71E8}
		{A4C048C0-634E-4194-89B4-AFBA3098C3D6} = {02EA681E-C7D8-13C7-8484-4AC65E1B71E8}
		{D1816070-E6CE-4BD9-89F4-06D8BE93FA35} = {9A8DEA7C-69DD-4D38-90F0-3D94B51B509C}
		{0C5F082F-EB7F-4D86-905A-B1CACF67AF6F} = {110B5CC9-CFCD-F9D2-736B-ACB2FCFA8A49}
		{719C826D-049C-428F-BF58-E1E00C1F6415} = {110B5CC9-CFCD-F9D2-736B-ACB2FCFA8A49}
		{60035692-BE2F-4439-8930-A0D9FDCFCEEE} = {110B5CC9-CFCD-F9D2-736B-ACB2FCFA8A49}
		{43B86076-4111-489E-904F-4F9D348CEE0D} = {110B5CC9-CFCD-F9D2-736B-ACB2FCFA8A49}
		{21864670-8829-4ED0-933A-23E47E9535EC} = {837FB3B5-DB63-41E2-BF2E-D35F77A28972}
		{8C10AE05-7844-49BE-8BF6-34197E84D381} = {837FB3B5-DB63-41E2-BF2E-D35F77A28972}
		{837FB3B5-DB63-41E2-BF2E-D35F77A28972} = {110B5CC9-CFCD-F9D2-736B-ACB2FCFA8A49}
		{AEB3E820-3745-4AC3-9F48-96EB22145CA0} = {2AB59621-323E-0149-B69E-D996C0020B82}
		{2EB0EDAD-35FC-4919-ABCA-8C84B747628E} = {2AB59621-323E-0149-B69E-D996C0020B82}
		{B672D67A-3326-4FB2-84E5-1F499AE9780E} = {2AB59621-323E-0149-B69E-D996C0020B82}
		{BE4D0E19-46EC-42CD-B045-8B6A88E10127} = {2AB59621-323E-0149-B69E-D996C0020B82}
		{4EF14D1D-08DA-4C65-86F6-9795CE1BD8F7} = {2AB59621-323E-0149-B69E-D996C0020B82}
		{74F06B46-9728-40FD-871C-66F43348B53D} = {2AB59621-323E-0149-B69E-D996C0020B82}
		{2D666C7C-932F-4381-9B1C-4753D223B824} = {2AB59621-323E-0149-B69E-D996C0020B82}
		{D73D3C48-8D0F-4198-9983-D6BFD37DF4A9} = {2AB59621-323E-0149-B69E-D996C0020B82}
	EndGlobalSection
	GlobalSection(ExtensibilityGlobals) = postSolution
		SolutionGuid = {ECEBD0C6-C27B-4D81-A885-5D3EECE3B969}
	EndGlobalSection
EndGlobal
